// !$*UTF8*$!
{
	archiveVersion = 1;
	classes = {
	};
	objectVersion = 77;
	objects = {

/* Begin PBXBuildFile section */
		100000000000000000000001 /* AppDelegate.swift in Sources */ = {isa = PBXBuildFile; fileRef = 200000000000000000000001 /* AppDelegate.swift */; };
		100000000000000000000002 /* StatusMenuController.swift in Sources */ = {isa = PBXBuildFile; fileRef = 200000000000000000000002 /* StatusMenuController.swift */; };
		100000000000000000000003 /* main.swift in Sources */ = {isa = PBXBuildFile; fileRef = 200000000000000000000003 /* main.swift */; };
		100000000000000000000004 /* AppKit.framework in Frameworks */ = {isa = PBXBuildFile; fileRef = 200000000000000000000007 /* AppKit.framework */; };
		100000000000000000000005 /* AppDelegateTests.swift in Sources */ = {isa = PBXBuildFile; fileRef = 200000000000000000000005 /* AppDelegateTests.swift */; };
		100000000000000000000006 /* StatusMenuControllerTests.swift in Sources */ = {isa = PBXBuildFile; fileRef = 200000000000000000000006 /* StatusMenuControllerTests.swift */; };
		100000000000000000000007 /* XCTest.framework in Frameworks */ = {isa = PBXBuildFile; fileRef = 200000000000000000000008 /* XCTest.framework */; };
		100000000000000000000008 /* AlcoveCore in Frameworks */ = {isa = PBXBuildFile; productRef = E00000000000000000000002 /* AlcoveCore */; };
		100000000000000000000009 /* PortalCoordinator.swift in Sources */ = {isa = PBXBuildFile; fileRef = 20000000000000000000000B /* PortalCoordinator.swift */; };
		10000000000000000000000A /* FolderAccessModels.swift in Sources */ = {isa = PBXBuildFile; fileRef = 20000000000000000000000C /* FolderAccessModels.swift */; };
		10000000000000000000000B /* FolderEnumerator.swift in Sources */ = {isa = PBXBuildFile; fileRef = 20000000000000000000000D /* FolderEnumerator.swift */; };
		10000000000000000000000C /* FolderLoadingCoordinator.swift in Sources */ = {isa = PBXBuildFile; fileRef = 20000000000000000000000E /* FolderLoadingCoordinator.swift */; };
		10000000000000000000000D /* FolderLocationValidator.swift in Sources */ = {isa = PBXBuildFile; fileRef = 20000000000000000000000F /* FolderLocationValidator.swift */; };
		10000000000000000000000E /* FileItemCell.swift in Sources */ = {isa = PBXBuildFile; fileRef = 200000000000000000000010 /* FileItemCell.swift */; };
		10000000000000000000000F /* FileGridViewController.swift in Sources */ = {isa = PBXBuildFile; fileRef = 200000000000000000000011 /* FileGridViewController.swift */; };
		100000000000000000000010 /* PortalViewController.swift in Sources */ = {isa = PBXBuildFile; fileRef = 200000000000000000000012 /* PortalViewController.swift */; };
		100000000000000000000011 /* PortalWindowStrategy.swift in Sources */ = {isa = PBXBuildFile; fileRef = 200000000000000000000013 /* PortalWindowStrategy.swift */; };
		100000000000000000000012 /* PortalWindow.swift in Sources */ = {isa = PBXBuildFile; fileRef = 200000000000000000000014 /* PortalWindow.swift */; };
		100000000000000000000013 /* PortalWindowController.swift in Sources */ = {isa = PBXBuildFile; fileRef = 200000000000000000000015 /* PortalWindowController.swift */; };
		100000000000000000000023 /* PortalWindowFactory.swift in Sources */ = {isa = PBXBuildFile; fileRef = 200000000000000000000025 /* PortalWindowFactory.swift */; };
		100000000000000000000014 /* FolderAccessTests.swift in Sources */ = {isa = PBXBuildFile; fileRef = 200000000000000000000016 /* FolderAccessTests.swift */; };
		100000000000000000000015 /* PortalCoordinatorTests.swift in Sources */ = {isa = PBXBuildFile; fileRef = 200000000000000000000017 /* PortalCoordinatorTests.swift */; };
		100000000000000000000016 /* FileGridViewControllerTests.swift in Sources */ = {isa = PBXBuildFile; fileRef = 200000000000000000000018 /* FileGridViewControllerTests.swift */; };
		100000000000000000000017 /* PortalWindowConfigurationTests.swift in Sources */ = {isa = PBXBuildFile; fileRef = 200000000000000000000019 /* PortalWindowConfigurationTests.swift */; };
		100000000000000000000018 /* PortalViewControllerTests.swift in Sources */ = {isa = PBXBuildFile; fileRef = 20000000000000000000001A /* PortalViewControllerTests.swift */; };
		100000000000000000000019 /* FileCollectionView.swift in Sources */ = {isa = PBXBuildFile; fileRef = 20000000000000000000001B /* FileCollectionView.swift */; };
		10000000000000000000001A /* WorkspaceOpening.swift in Sources */ = {isa = PBXBuildFile; fileRef = 20000000000000000000001C /* WorkspaceOpening.swift */; };
		10000000000000000000001B /* FolderPicker.swift in Sources */ = {isa = PBXBuildFile; fileRef = 20000000000000000000001D /* FolderPicker.swift */; };
		10000000000000000000001C /* PortalCreationCoordinator.swift in Sources */ = {isa = PBXBuildFile; fileRef = 20000000000000000000001E /* PortalCreationCoordinator.swift */; };
		10000000000000000000001D /* PortalFrameSelector.swift in Sources */ = {isa = PBXBuildFile; fileRef = 20000000000000000000001F /* PortalFrameSelector.swift */; };
		10000000000000000000001E /* PortalCreationCoordinatorTests.swift in Sources */ = {isa = PBXBuildFile; fileRef = 200000000000000000000020 /* PortalCreationCoordinatorTests.swift */; };
		10000000000000000000001F /* PortalStoreModels.swift in Sources */ = {isa = PBXBuildFile; fileRef = 200000000000000000000021 /* PortalStoreModels.swift */; };
		100000000000000000000020 /* PortalStoreFileSystem.swift in Sources */ = {isa = PBXBuildFile; fileRef = 200000000000000000000022 /* PortalStoreFileSystem.swift */; };
		100000000000000000000021 /* PortalStore.swift in Sources */ = {isa = PBXBuildFile; fileRef = 200000000000000000000023 /* PortalStore.swift */; };
		100000000000000000000022 /* PortalStoreTests.swift in Sources */ = {isa = PBXBuildFile; fileRef = 200000000000000000000024 /* PortalStoreTests.swift */; };
/* End PBXBuildFile section */

/* Begin PBXContainerItemProxy section */
		300000000000000000000001 /* PBXContainerItemProxy */ = {
			isa = PBXContainerItemProxy;
			containerPortal = 400000000000000000000001 /* Project object */;
			proxyType = 1;
			remoteGlobalIDString = 500000000000000000000001;
			remoteInfo = Alcove;
		};
/* End PBXContainerItemProxy section */

/* Begin PBXFileReference section */
		200000000000000000000001 /* AppDelegate.swift */ = {isa = PBXFileReference; lastKnownFileType = sourcecode.swift; path = AppDelegate.swift; sourceTree = "<group>"; };
		200000000000000000000002 /* StatusMenuController.swift */ = {isa = PBXFileReference; lastKnownFileType = sourcecode.swift; path = StatusMenuController.swift; sourceTree = "<group>"; };
		200000000000000000000003 /* main.swift */ = {isa = PBXFileReference; lastKnownFileType = sourcecode.swift; path = main.swift; sourceTree = "<group>"; };
		200000000000000000000004 /* Info.plist */ = {isa = PBXFileReference; lastKnownFileType = text.plist.xml; path = Info.plist; sourceTree = "<group>"; };
		200000000000000000000005 /* AppDelegateTests.swift */ = {isa = PBXFileReference; lastKnownFileType = sourcecode.swift; path = AppDelegateTests.swift; sourceTree = "<group>"; };
		200000000000000000000006 /* StatusMenuControllerTests.swift */ = {isa = PBXFileReference; lastKnownFileType = sourcecode.swift; path = StatusMenuControllerTests.swift; sourceTree = "<group>"; };
		200000000000000000000007 /* AppKit.framework */ = {isa = PBXFileReference; lastKnownFileType = wrapper.framework; name = AppKit.framework; path = System/Library/Frameworks/AppKit.framework; sourceTree = SDKROOT; };
		200000000000000000000008 /* XCTest.framework */ = {isa = PBXFileReference; lastKnownFileType = wrapper.framework; name = XCTest.framework; path = System/Library/Frameworks/XCTest.framework; sourceTree = SDKROOT; };
		200000000000000000000009 /* Alcove.app */ = {isa = PBXFileReference; explicitFileType = wrapper.application; includeInIndex = 0; path = Alcove.app; sourceTree = BUILT_PRODUCTS_DIR; };
		20000000000000000000000A /* AlcoveTests.xctest */ = {isa = PBXFileReference; explicitFileType = wrapper.cfbundle; includeInIndex = 0; path = AlcoveTests.xctest; sourceTree = BUILT_PRODUCTS_DIR; };
		20000000000000000000000B /* PortalCoordinator.swift */ = {isa = PBXFileReference; lastKnownFileType = sourcecode.swift; path = PortalCoordinator.swift; sourceTree = "<group>"; };
		20000000000000000000000C /* FolderAccessModels.swift */ = {isa = PBXFileReference; lastKnownFileType = sourcecode.swift; path = FolderAccessModels.swift; sourceTree = "<group>"; };
		20000000000000000000000D /* FolderEnumerator.swift */ = {isa = PBXFileReference; lastKnownFileType = sourcecode.swift; path = FolderEnumerator.swift; sourceTree = "<group>"; };
		20000000000000000000000E /* FolderLoadingCoordinator.swift */ = {isa = PBXFileReference; lastKnownFileType = sourcecode.swift; path = FolderLoadingCoordinator.swift; sourceTree = "<group>"; };
		20000000000000000000000F /* FolderLocationValidator.swift */ = {isa = PBXFileReference; lastKnownFileType = sourcecode.swift; path = FolderLocationValidator.swift; sourceTree = "<group>"; };
		200000000000000000000010 /* FileItemCell.swift */ = {isa = PBXFileReference; lastKnownFileType = sourcecode.swift; path = FileItemCell.swift; sourceTree = "<group>"; };
		200000000000000000000011 /* FileGridViewController.swift */ = {isa = PBXFileReference; lastKnownFileType = sourcecode.swift; path = FileGridViewController.swift; sourceTree = "<group>"; };
		200000000000000000000012 /* PortalViewController.swift */ = {isa = PBXFileReference; lastKnownFileType = sourcecode.swift; path = PortalViewController.swift; sourceTree = "<group>"; };
		200000000000000000000013 /* PortalWindowStrategy.swift */ = {isa = PBXFileReference; lastKnownFileType = sourcecode.swift; path = PortalWindowStrategy.swift; sourceTree = "<group>"; };
		200000000000000000000014 /* PortalWindow.swift */ = {isa = PBXFileReference; lastKnownFileType = sourcecode.swift; path = PortalWindow.swift; sourceTree = "<group>"; };
		200000000000000000000015 /* PortalWindowController.swift */ = {isa = PBXFileReference; lastKnownFileType = sourcecode.swift; path = PortalWindowController.swift; sourceTree = "<group>"; };
		200000000000000000000025 /* PortalWindowFactory.swift */ = {isa = PBXFileReference; lastKnownFileType = sourcecode.swift; path = PortalWindowFactory.swift; sourceTree = "<group>"; };
		200000000000000000000016 /* FolderAccessTests.swift */ = {isa = PBXFileReference; lastKnownFileType = sourcecode.swift; path = FolderAccessTests.swift; sourceTree = "<group>"; };
		200000000000000000000017 /* PortalCoordinatorTests.swift */ = {isa = PBXFileReference; lastKnownFileType = sourcecode.swift; path = PortalCoordinatorTests.swift; sourceTree = "<group>"; };
		200000000000000000000018 /* FileGridViewControllerTests.swift */ = {isa = PBXFileReference; lastKnownFileType = sourcecode.swift; path = FileGridViewControllerTests.swift; sourceTree = "<group>"; };
		200000000000000000000019 /* PortalWindowConfigurationTests.swift */ = {isa = PBXFileReference; lastKnownFileType = sourcecode.swift; path = PortalWindowConfigurationTests.swift; sourceTree = "<group>"; };
		20000000000000000000001A /* PortalViewControllerTests.swift */ = {isa = PBXFileReference; lastKnownFileType = sourcecode.swift; path = PortalViewControllerTests.swift; sourceTree = "<group>"; };
		20000000000000000000001B /* FileCollectionView.swift */ = {isa = PBXFileReference; lastKnownFileType = sourcecode.swift; path = FileCollectionView.swift; sourceTree = "<group>"; };
		20000000000000000000001C /* WorkspaceOpening.swift */ = {isa = PBXFileReference; lastKnownFileType = sourcecode.swift; path = WorkspaceOpening.swift; sourceTree = "<group>"; };
		20000000000000000000001D /* FolderPicker.swift */ = {isa = PBXFileReference; lastKnownFileType = sourcecode.swift; path = FolderPicker.swift; sourceTree = "<group>"; };
		20000000000000000000001E /* PortalCreationCoordinator.swift */ = {isa = PBXFileReference; lastKnownFileType = sourcecode.swift; path = PortalCreationCoordinator.swift; sourceTree = "<group>"; };
		20000000000000000000001F /* PortalFrameSelector.swift */ = {isa = PBXFileReference; lastKnownFileType = sourcecode.swift; path = PortalFrameSelector.swift; sourceTree = "<group>"; };
		200000000000000000000020 /* PortalCreationCoordinatorTests.swift */ = {isa = PBXFileReference; lastKnownFileType = sourcecode.swift; path = PortalCreationCoordinatorTests.swift; sourceTree = "<group>"; };
		200000000000000000000021 /* PortalStoreModels.swift */ = {isa = PBXFileReference; lastKnownFileType = sourcecode.swift; path = PortalStoreModels.swift; sourceTree = "<group>"; };
		200000000000000000000022 /* PortalStoreFileSystem.swift */ = {isa = PBXFileReference; lastKnownFileType = sourcecode.swift; path = PortalStoreFileSystem.swift; sourceTree = "<group>"; };
		200000000000000000000023 /* PortalStore.swift */ = {isa = PBXFileReference; lastKnownFileType = sourcecode.swift; path = PortalStore.swift; sourceTree = "<group>"; };
		200000000000000000000024 /* PortalStoreTests.swift */ = {isa = PBXFileReference; lastKnownFileType = sourcecode.swift; path = PortalStoreTests.swift; sourceTree = "<group>"; };
/* End PBXFileReference section */

/* Begin PBXFrameworksBuildPhase section */
		600000000000000000000001 /* Frameworks */ = {
			isa = PBXFrameworksBuildPhase;
			buildActionMask = 2147483647;
			files = (
				100000000000000000000008 /* AlcoveCore in Frameworks */,
				100000000000000000000004 /* AppKit.framework in Frameworks */,
			);
			runOnlyForDeploymentPostprocessing = 0;
		};
		600000000000000000000002 /* Frameworks */ = {
			isa = PBXFrameworksBuildPhase;
			buildActionMask = 2147483647;
			files = (
				100000000000000000000007 /* XCTest.framework in Frameworks */,
			);
			runOnlyForDeploymentPostprocessing = 0;
		};
/* End PBXFrameworksBuildPhase section */

/* Begin PBXGroup section */
		700000000000000000000001 = {
			isa = PBXGroup;
			children = (
				700000000000000000000002 /* Alcove */,
				700000000000000000000005 /* Tests */,
				700000000000000000000007 /* Frameworks */,
				700000000000000000000008 /* Products */,
			);
			sourceTree = "<group>";
		};
		700000000000000000000002 /* Alcove */ = {
			isa = PBXGroup;
			children = (
				700000000000000000000003 /* Application */,
				700000000000000000000009 /* FolderAccess */,
				70000000000000000000000A /* FileGrid */,
				70000000000000000000000D /* PortalCreation */,
				70000000000000000000000B /* PortalPresentation */,
				70000000000000000000000C /* PortalWindowing */,
				70000000000000000000000E /* Persistence */,
				700000000000000000000004 /* Resources */,
			);
			path = Alcove;
			sourceTree = "<group>";
		};
		700000000000000000000003 /* Application */ = {
			isa = PBXGroup;
			children = (
				200000000000000000000001 /* AppDelegate.swift */,
				20000000000000000000000B /* PortalCoordinator.swift */,
				200000000000000000000002 /* StatusMenuController.swift */,
				200000000000000000000003 /* main.swift */,
			);
			path = Application;
			sourceTree = "<group>";
		};
		700000000000000000000004 /* Resources */ = {
			isa = PBXGroup;
			children = (
				200000000000000000000004 /* Info.plist */,
			);
			path = Resources;
			sourceTree = "<group>";
		};
		700000000000000000000005 /* Tests */ = {
			isa = PBXGroup;
			children = (
				700000000000000000000006 /* AlcoveTests */,
			);
			path = Tests;
			sourceTree = "<group>";
		};
		700000000000000000000006 /* AlcoveTests */ = {
			isa = PBXGroup;
			children = (
				200000000000000000000005 /* AppDelegateTests.swift */,
				200000000000000000000018 /* FileGridViewControllerTests.swift */,
				200000000000000000000016 /* FolderAccessTests.swift */,
				200000000000000000000017 /* PortalCoordinatorTests.swift */,
				200000000000000000000020 /* PortalCreationCoordinatorTests.swift */,
				200000000000000000000024 /* PortalStoreTests.swift */,
				20000000000000000000001A /* PortalViewControllerTests.swift */,
				200000000000000000000019 /* PortalWindowConfigurationTests.swift */,
				200000000000000000000006 /* StatusMenuControllerTests.swift */,
			);
			path = AlcoveTests;
			sourceTree = "<group>";
		};
		700000000000000000000007 /* Frameworks */ = {
			isa = PBXGroup;
			children = (
				200000000000000000000007 /* AppKit.framework */,
				200000000000000000000008 /* XCTest.framework */,
			);
			name = Frameworks;
			sourceTree = "<group>";
		};
		700000000000000000000008 /* Products */ = {
			isa = PBXGroup;
			children = (
				200000000000000000000009 /* Alcove.app */,
				20000000000000000000000A /* AlcoveTests.xctest */,
			);
			name = Products;
			sourceTree = "<group>";
		};
		700000000000000000000009 /* FolderAccess */ = {
			isa = PBXGroup;
			children = (
				20000000000000000000000C /* FolderAccessModels.swift */,
				20000000000000000000000D /* FolderEnumerator.swift */,
				20000000000000000000000E /* FolderLoadingCoordinator.swift */,
				20000000000000000000000F /* FolderLocationValidator.swift */,
			);
			path = FolderAccess;
			sourceTree = "<group>";
		};
		70000000000000000000000A /* FileGrid */ = {
			isa = PBXGroup;
			children = (
				20000000000000000000001B /* FileCollectionView.swift */,
				200000000000000000000010 /* FileItemCell.swift */,
				200000000000000000000011 /* FileGridViewController.swift */,
				20000000000000000000001C /* WorkspaceOpening.swift */,
			);
			path = FileGrid;
			sourceTree = "<group>";
		};
		70000000000000000000000B /* PortalPresentation */ = {
			isa = PBXGroup;
			children = (
				200000000000000000000012 /* PortalViewController.swift */,
			);
			path = PortalPresentation;
			sourceTree = "<group>";
		};
		70000000000000000000000C /* PortalWindowing */ = {
			isa = PBXGroup;
			children = (
				200000000000000000000013 /* PortalWindowStrategy.swift */,
				200000000000000000000014 /* PortalWindow.swift */,
				200000000000000000000015 /* PortalWindowController.swift */,
				200000000000000000000025 /* PortalWindowFactory.swift */,
			);
			path = PortalWindowing;
			sourceTree = "<group>";
		};
		70000000000000000000000D /* PortalCreation */ = {
			isa = PBXGroup;
			children = (
				20000000000000000000001D /* FolderPicker.swift */,
				20000000000000000000001E /* PortalCreationCoordinator.swift */,
				20000000000000000000001F /* PortalFrameSelector.swift */,
			);
			path = PortalCreation;
			sourceTree = "<group>";
		};
		70000000000000000000000E /* Persistence */ = {
			isa = PBXGroup;
			children = (
				200000000000000000000023 /* PortalStore.swift */,
				200000000000000000000022 /* PortalStoreFileSystem.swift */,
				200000000000000000000021 /* PortalStoreModels.swift */,
			);
			path = Persistence;
			sourceTree = "<group>";
		};
/* End PBXGroup section */

/* Begin PBXNativeTarget section */
		500000000000000000000001 /* Alcove */ = {
			isa = PBXNativeTarget;
			buildConfigurationList = 800000000000000000000001 /* Build configuration list for PBXNativeTarget "Alcove" */;
			buildPhases = (
				900000000000000000000001 /* Sources */,
				600000000000000000000001 /* Frameworks */,
				A00000000000000000000001 /* Resources */,
			);
			buildRules = (
			);
			dependencies = (
			);
			name = Alcove;
			packageProductDependencies = (
				E00000000000000000000002 /* AlcoveCore */,
			);
			productName = Alcove;
			productReference = 200000000000000000000009 /* Alcove.app */;
			productType = "com.apple.product-type.application";
		};
		500000000000000000000002 /* AlcoveTests */ = {
			isa = PBXNativeTarget;
			buildConfigurationList = 800000000000000000000002 /* Build configuration list for PBXNativeTarget "AlcoveTests" */;
			buildPhases = (
				900000000000000000000002 /* Sources */,
				600000000000000000000002 /* Frameworks */,
				A00000000000000000000002 /* Resources */,
			);
			buildRules = (
			);
			dependencies = (
				B00000000000000000000001 /* PBXTargetDependency */,
			);
			name = AlcoveTests;
			productName = AlcoveTests;
			productReference = 20000000000000000000000A /* AlcoveTests.xctest */;
			productType = "com.apple.product-type.bundle.unit-test";
		};
/* End PBXNativeTarget section */

/* Begin PBXProject section */
		400000000000000000000001 /* Project object */ = {
			isa = PBXProject;
			attributes = {
				BuildIndependentTargetsInParallel = 1;
				LastSwiftUpdateCheck = 2660;
				LastUpgradeCheck = 2660;
				TargetAttributes = {
					500000000000000000000001 = {
						CreatedOnToolsVersion = 26.0;
					};
					500000000000000000000002 = {
						CreatedOnToolsVersion = 26.0;
						TestTargetID = 500000000000000000000001;
					};
				};
			};
			buildConfigurationList = 800000000000000000000003 /* Build configuration list for PBXProject "Alcove" */;
			compatibilityVersion = "Xcode 16.0";
			developmentRegion = en;
			hasScannedForEncodings = 0;
			knownRegions = (
				en,
				Base,
			);
			mainGroup = 700000000000000000000001;
			packageReferences = (
				E00000000000000000000001 /* XCLocalSwiftPackageReference "Packages/AlcoveCore" */,
			);
			productRefGroup = 700000000000000000000008 /* Products */;
			projectDirPath = "";
			projectRoot = "";
			targets = (
				500000000000000000000001 /* Alcove */,
				500000000000000000000002 /* AlcoveTests */,
			);
		};
/* End PBXProject section */

/* Begin PBXResourcesBuildPhase section */
		A00000000000000000000001 /* Resources */ = {
			isa = PBXResourcesBuildPhase;
			buildActionMask = 2147483647;
			files = (
			);
			runOnlyForDeploymentPostprocessing = 0;
		};
		A00000000000000000000002 /* Resources */ = {
			isa = PBXResourcesBuildPhase;
			buildActionMask = 2147483647;
			files = (
			);
			runOnlyForDeploymentPostprocessing = 0;
		};
/* End PBXResourcesBuildPhase section */

/* Begin PBXSourcesBuildPhase section */
		900000000000000000000001 /* Sources */ = {
			isa = PBXSourcesBuildPhase;
			buildActionMask = 2147483647;
			files = (
				100000000000000000000001 /* AppDelegate.swift in Sources */,
				100000000000000000000009 /* PortalCoordinator.swift in Sources */,
				100000000000000000000002 /* StatusMenuController.swift in Sources */,
				100000000000000000000003 /* main.swift in Sources */,
				10000000000000000000000A /* FolderAccessModels.swift in Sources */,
				10000000000000000000000B /* FolderEnumerator.swift in Sources */,
				10000000000000000000000C /* FolderLoadingCoordinator.swift in Sources */,
				10000000000000000000000D /* FolderLocationValidator.swift in Sources */,
				100000000000000000000019 /* FileCollectionView.swift in Sources */,
				10000000000000000000000E /* FileItemCell.swift in Sources */,
				10000000000000000000000F /* FileGridViewController.swift in Sources */,
				10000000000000000000001A /* WorkspaceOpening.swift in Sources */,
				10000000000000000000001B /* FolderPicker.swift in Sources */,
				10000000000000000000001C /* PortalCreationCoordinator.swift in Sources */,
				10000000000000000000001D /* PortalFrameSelector.swift in Sources */,
				100000000000000000000021 /* PortalStore.swift in Sources */,
				100000000000000000000020 /* PortalStoreFileSystem.swift in Sources */,
				10000000000000000000001F /* PortalStoreModels.swift in Sources */,
				100000000000000000000010 /* PortalViewController.swift in Sources */,
				100000000000000000000011 /* PortalWindowStrategy.swift in Sources */,
				100000000000000000000012 /* PortalWindow.swift in Sources */,
				100000000000000000000013 /* PortalWindowController.swift in Sources */,
				100000000000000000000023 /* PortalWindowFactory.swift in Sources */,
			);
			runOnlyForDeploymentPostprocessing = 0;
		};
		900000000000000000000002 /* Sources */ = {
			isa = PBXSourcesBuildPhase;
			buildActionMask = 2147483647;
			files = (
				100000000000000000000005 /* AppDelegateTests.swift in Sources */,
				100000000000000000000016 /* FileGridViewControllerTests.swift in Sources */,
				100000000000000000000014 /* FolderAccessTests.swift in Sources */,
				100000000000000000000015 /* PortalCoordinatorTests.swift in Sources */,
				10000000000000000000001E /* PortalCreationCoordinatorTests.swift in Sources */,
				100000000000000000000022 /* PortalStoreTests.swift in Sources */,
				100000000000000000000018 /* PortalViewControllerTests.swift in Sources */,
				100000000000000000000017 /* PortalWindowConfigurationTests.swift in Sources */,
				100000000000000000000006 /* StatusMenuControllerTests.swift in Sources */,
			);
			runOnlyForDeploymentPostprocessing = 0;
		};
/* End PBXSourcesBuildPhase section */

/* Begin PBXTargetDependency section */
		B00000000000000000000001 /* PBXTargetDependency */ = {
			isa = PBXTargetDependency;
			target = 500000000000000000000001 /* Alcove */;
			targetProxy = 300000000000000000000001 /* PBXContainerItemProxy */;
		};
/* End PBXTargetDependency section */

/* Begin XCBuildConfiguration section */
		C00000000000000000000001 /* Debug */ = {
			isa = XCBuildConfiguration;
			buildSettings = {
				ALWAYS_SEARCH_USER_PATHS = NO;
				CLANG_ENABLE_MODULES = YES;
				COPY_PHASE_STRIP = NO;
				DEBUG_INFORMATION_FORMAT = dwarf;
				ENABLE_TESTABILITY = YES;
				GCC_C_LANGUAGE_STANDARD = gnu17;
				GCC_TREAT_WARNINGS_AS_ERRORS = YES;
				MACOSX_DEPLOYMENT_TARGET = 15.0;
				ONLY_ACTIVE_ARCH = YES;
				SDKROOT = macosx;
				SWIFT_OPTIMIZATION_LEVEL = "-Onone";
				SWIFT_STRICT_CONCURRENCY = complete;
				SWIFT_TREAT_WARNINGS_AS_ERRORS = YES;
				SWIFT_VERSION = 6.0;
			};
			name = Debug;
		};
		C00000000000000000000002 /* Release */ = {
			isa = XCBuildConfiguration;
			buildSettings = {
				ALWAYS_SEARCH_USER_PATHS = NO;
				CLANG_ENABLE_MODULES = YES;
				COPY_PHASE_STRIP = YES;
				DEBUG_INFORMATION_FORMAT = "dwarf-with-dsym";
				GCC_C_LANGUAGE_STANDARD = gnu17;
				GCC_TREAT_WARNINGS_AS_ERRORS = YES;
				MACOSX_DEPLOYMENT_TARGET = 15.0;
				ONLY_ACTIVE_ARCH = NO;
				SDKROOT = macosx;
				SWIFT_COMPILATION_MODE = wholemodule;
				SWIFT_STRICT_CONCURRENCY = complete;
				SWIFT_TREAT_WARNINGS_AS_ERRORS = YES;
				SWIFT_VERSION = 6.0;
			};
			name = Release;
		};
		C00000000000000000000003 /* Debug */ = {
			isa = XCBuildConfiguration;
			buildSettings = {
				CODE_SIGNING_ALLOWED = NO;
				CODE_SIGNING_REQUIRED = NO;
				CURRENT_PROJECT_VERSION = 1;
				GENERATE_INFOPLIST_FILE = NO;
				INFOPLIST_FILE = Alcove/Resources/Info.plist;
				LD_RUNPATH_SEARCH_PATHS = "$(inherited) @executable_path/../Frameworks";
				MARKETING_VERSION = 0.1.0;
				PRODUCT_BUNDLE_IDENTIFIER = com.dylanwang.Alcove;
				PRODUCT_NAME = "$(TARGET_NAME)";
				SKIP_INSTALL = NO;
			};
			name = Debug;
		};
		C00000000000000000000004 /* Release */ = {
			isa = XCBuildConfiguration;
			buildSettings = {
				CODE_SIGNING_ALLOWED = NO;
				CODE_SIGNING_REQUIRED = NO;
				CURRENT_PROJECT_VERSION = 1;
				GENERATE_INFOPLIST_FILE = NO;
				INFOPLIST_FILE = Alcove/Resources/Info.plist;
				LD_RUNPATH_SEARCH_PATHS = "$(inherited) @executable_path/../Frameworks";
				MARKETING_VERSION = 0.1.0;
				PRODUCT_BUNDLE_IDENTIFIER = com.dylanwang.Alcove;
				PRODUCT_NAME = "$(TARGET_NAME)";
				SKIP_INSTALL = NO;
			};
			name = Release;
		};
		C00000000000000000000005 /* Debug */ = {
			isa = XCBuildConfiguration;
			buildSettings = {
				BUNDLE_LOADER = "$(TEST_HOST)";
				CODE_SIGNING_ALLOWED = NO;
				CODE_SIGNING_REQUIRED = NO;
				GENERATE_INFOPLIST_FILE = YES;
				LD_RUNPATH_SEARCH_PATHS = "$(inherited) @executable_path/../Frameworks @loader_path/../Frameworks";
				PRODUCT_BUNDLE_IDENTIFIER = com.dylanwang.AlcoveTests;
				PRODUCT_NAME = "$(TARGET_NAME)";
				SKIP_INSTALL = YES;
				TEST_HOST = "$(BUILT_PRODUCTS_DIR)/Alcove.app/Contents/MacOS/Alcove";
			};
			name = Debug;
		};
		C00000000000000000000006 /* Release */ = {
			isa = XCBuildConfiguration;
			buildSettings = {
				BUNDLE_LOADER = "$(TEST_HOST)";
				CODE_SIGNING_ALLOWED = NO;
				CODE_SIGNING_REQUIRED = NO;
				GENERATE_INFOPLIST_FILE = YES;
				LD_RUNPATH_SEARCH_PATHS = "$(inherited) @executable_path/../Frameworks @loader_path/../Frameworks";
				PRODUCT_BUNDLE_IDENTIFIER = com.dylanwang.AlcoveTests;
				PRODUCT_NAME = "$(TARGET_NAME)";
				SKIP_INSTALL = YES;
				TEST_HOST = "$(BUILT_PRODUCTS_DIR)/Alcove.app/Contents/MacOS/Alcove";
			};
			name = Release;
		};
		C00000000000000000000007 /* Debug */ = {
			isa = XCBuildConfiguration;
			buildSettings = {
				MACOSX_DEPLOYMENT_TARGET = 15.0;
			};
			name = Debug;
		};
		C00000000000000000000008 /* Release */ = {
			isa = XCBuildConfiguration;
			buildSettings = {
				MACOSX_DEPLOYMENT_TARGET = 15.0;
			};
			name = Release;
		};
/* End XCBuildConfiguration section */

/* Begin XCConfigurationList section */
		800000000000000000000001 /* Build configuration list for PBXNativeTarget "Alcove" */ = {
			isa = XCConfigurationList;
			buildConfigurations = (
				C00000000000000000000003 /* Debug */,
				C00000000000000000000004 /* Release */,
			);
			defaultConfigurationIsVisible = 0;
			defaultConfigurationName = Release;
		};
		800000000000000000000002 /* Build configuration list for PBXNativeTarget "AlcoveTests" */ = {
			isa = XCConfigurationList;
			buildConfigurations = (
				C00000000000000000000005 /* Debug */,
				C00000000000000000000006 /* Release */,
			);
			defaultConfigurationIsVisible = 0;
			defaultConfigurationName = Release;
		};
		800000000000000000000003 /* Build configuration list for PBXProject "Alcove" */ = {
			isa = XCConfigurationList;
			buildConfigurations = (
				C00000000000000000000001 /* Debug */,
				C00000000000000000000002 /* Release */,
			);
			defaultConfigurationIsVisible = 0;
			defaultConfigurationName = Release;
		};
/* End XCConfigurationList section */

/* Begin XCLocalSwiftPackageReference section */
		E00000000000000000000001 /* XCLocalSwiftPackageReference "Packages/AlcoveCore" */ = {
			isa = XCLocalSwiftPackageReference;
			relativePath = Packages/AlcoveCore;
		};
/* End XCLocalSwiftPackageReference section */

/* Begin XCSwiftPackageProductDependency section */
		E00000000000000000000002 /* AlcoveCore */ = {
			isa = XCSwiftPackageProductDependency;
			package = E00000000000000000000001 /* XCLocalSwiftPackageReference "Packages/AlcoveCore" */;
			productName = AlcoveCore;
		};
/* End XCSwiftPackageProductDependency section */
	};
	rootObject = 400000000000000000000001 /* Project object */;
}
